<Solution>
  <Configurations>
    <Platform Name="x64" />
    <Platform Name="x86" />
  </Configurations>
  <Project Path="../../../../../../Downloads/SourceCode Fork 6811830001/MiiA106-2025-A-Fluffy/Lab06/Lab07/Lab07-no.1/Lab07-no.1.vcxproj" Id="a0969ab2-f1b0-445d-8694-0f0aa0438388" />
  <Project Path="../../../../../../Downloads/SourceCode Fork 6811830001/MiiA106-2025-A-Fluffy/Lab06/Lab07/Lab07-no.2/Lab07-no.2.vcxproj" Id="b2134b06-2f9f-4e05-8559-a9782856a18e" />
  <Project Path="../../../../../../Downloads/SourceCode Fork 6811830001/MiiA106-2025-A-Fluffy/Lab06/Lab07/Lab07-no.3/Lab07-no.3.vcxproj" Id="03084509-ea86-45ce-b9ce-0c7da67a73fb" />
  <Project Path="../../../../../../Downloads/SourceCode Fork 6811830001/MiiA106-2025-A-Fluffy/Lab06/Lab07/Lab07-no.4/Lab07-no.4.vcxproj" Id="cc914177-9d39-4ea7-b20f-0f9db93ec4b5" />
  <Project Path="../../../../../../Downloads/SourceCode Fork 6811830001/MiiA106-2025-A-Fluffy/Lab06/Lab07/Lab07-no.5/Lab07-no.5.vcxproj" Id="16ffe268-2291-4e63-ab35-23629e147c48" />
  <Project Path="../../../../../../Downloads/SourceCode Fork 6811830001/MiiA106-2025-A-Fluffy/Lab06/Lab07/Lab07-no.6/Lab07-no.6.vcxproj" Id="395239da-4d70-42df-b3b1-5230bf8ab42f" />
</Solution>
